
Microsoft Visual Studio Solution File, Format Version 12.00
# Visual Studio Version 17
VisualStudioVersion = 17.13.35806.99 d17.13
MinimumVisualStudioVersion = 10.0.40219.1
Project("{FAE04EC0-301F-11D3-BF4B-00C04F79EFBC}") = "controleContas", "controleContas\controleContas.csproj", "{E9AA9008-8E7D-43AA-A18B-1D756E60A400}"
EndProject
Global
	GlobalSection(SolutionConfigurationPlatforms) = preSolution
		Debug|Any CPU = Debug|Any CPU
		Release|Any CPU = Release|Any CPU
	EndGlobalSection
	GlobalSection(ProjectConfigurationPlatforms) = postSolution
		{E9AA9008-8E7D-43AA-A18B-1D756E60A400}.Debug|Any CPU.ActiveCfg = Debug|Any CPU
		{E9AA9008-8E7D-43AA-A18B-1D756E60A400}.Debug|Any CPU.Build.0 = Debug|Any CPU
		{E9AA9008-8E7D-43AA-A18B-1D756E60A400}.Release|Any CPU.ActiveCfg = Release|Any CPU
		{E9AA9008-8E7D-43AA-A18B-1D756E60A400}.Release|Any CPU.Build.0 = Release|Any CPU
	EndGlobalSection
	GlobalSection(SolutionProperties) = preSolution
		HideSolutionNode = FALSE
	EndGlobalSection
	GlobalSection(ExtensibilityGlobals) = postSolution
		SolutionGuid = {9FCC0C7D-9CFC-45C3-9130-D749F11E6938}
	EndGlobalSection
EndGlobal
